
Microsoft Visual Studio Solution File, Format Version 12.00
# Visual Studio Version 17
VisualStudioVersion = 17.5.2.0
MinimumVisualStudioVersion = 10.0.40219.1
Project("{FAE04EC0-301F-11D3-BF4B-00C04F79EFBC}") = "JobProcessor", "JobProcessor\JobProcessor.csproj", "{AE30765D-3193-4130-94E7-AF2039A4832A}"
EndProject
Project("{FAE04EC0-301F-11D3-BF4B-00C04F79EFBC}") = "JobProcessor.Worker", "JobProcessor.Worker\JobProcessor.Worker.csproj", "{AD3FF422-1A9F-4883-B10A-40ACA723E578}"
EndProject
Global
	GlobalSection(SolutionConfigurationPlatforms) = preSolution
		Debug|Any CPU = Debug|Any CPU
		Debug|x64 = Debug|x64
		Debug|x86 = Debug|x86
		Release|Any CPU = Release|Any CPU
		Release|x64 = Release|x64
		Release|x86 = Release|x86
	EndGlobalSection
	GlobalSection(ProjectConfigurationPlatforms) = postSolution
		{AE30765D-3193-4130-94E7-AF2039A4832A}.Debug|Any CPU.ActiveCfg = Debug|Any CPU
		{AE30765D-3193-4130-94E7-AF2039A4832A}.Debug|Any CPU.Build.0 = Debug|Any CPU
		{AE30765D-3193-4130-94E7-AF2039A4832A}.Debug|x64.ActiveCfg = Debug|Any CPU
		{AE30765D-3193-4130-94E7-AF2039A4832A}.Debug|x64.Build.0 = Debug|Any CPU
		{AE30765D-3193-4130-94E7-AF2039A4832A}.Debug|x86.ActiveCfg = Debug|Any CPU
		{AE30765D-3193-4130-94E7-AF2039A4832A}.Debug|x86.Build.0 = Debug|Any CPU
		{AE30765D-3193-4130-94E7-AF2039A4832A}.Release|Any CPU.ActiveCfg = Release|Any CPU
		{AE30765D-3193-4130-94E7-AF2039A4832A}.Release|Any CPU.Build.0 = Release|Any CPU
		{AE30765D-3193-4130-94E7-AF2039A4832A}.Release|x64.ActiveCfg = Release|Any CPU
		{AE30765D-3193-4130-94E7-AF2039A4832A}.Release|x64.Build.0 = Release|Any CPU
		{AE30765D-3193-4130-94E7-AF2039A4832A}.Release|x86.ActiveCfg = Release|Any CPU
		{AE30765D-3193-4130-94E7-AF2039A4832A}.Release|x86.Build.0 = Release|Any CPU
		{AD3FF422-1A9F-4883-B10A-40ACA723E578}.Debug|Any CPU.ActiveCfg = Debug|Any CPU
		{AD3FF422-1A9F-4883-B10A-40ACA723E578}.Debug|Any CPU.Build.0 = Debug|Any CPU
		{AD3FF422-1A9F-4883-B10A-40ACA723E578}.Debug|x64.ActiveCfg = Debug|Any CPU
		{AD3FF422-1A9F-4883-B10A-40ACA723E578}.Debug|x64.Build.0 = Debug|Any CPU
		{AD3FF422-1A9F-4883-B10A-40ACA723E578}.Debug|x86.ActiveCfg = Debug|Any CPU
		{AD3FF422-1A9F-4883-B10A-40ACA723E578}.Debug|x86.Build.0 = Debug|Any CPU
		{AD3FF422-1A9F-4883-B10A-40ACA723E578}.Release|Any CPU.ActiveCfg = Release|Any CPU
		{AD3FF422-1A9F-4883-B10A-40ACA723E578}.Release|Any CPU.Build.0 = Release|Any CPU
		{AD3FF422-1A9F-4883-B10A-40ACA723E578}.Release|x64.ActiveCfg = Release|Any CPU
		{AD3FF422-1A9F-4883-B10A-40ACA723E578}.Release|x64.Build.0 = Release|Any CPU
		{AD3FF422-1A9F-4883-B10A-40ACA723E578}.Release|x86.ActiveCfg = Release|Any CPU
		{AD3FF422-1A9F-4883-B10A-40ACA723E578}.Release|x86.Build.0 = Release|Any CPU
	EndGlobalSection
	GlobalSection(SolutionProperties) = preSolution
		HideSolutionNode = FALSE
	EndGlobalSection
	GlobalSection(ExtensibilityGlobals) = postSolution
		SolutionGuid = {3D633A89-2779-4FF9-8E29-2E2310B2AA2D}
	EndGlobalSection
EndGlobal
